
Microsoft Visual Studio Solution File, Format Version 12.00
# Visual Studio Version 16
VisualStudioVersion = 16.0.29123.88
MinimumVisualStudioVersion = 10.0.40219.1
Project("{9A19103F-16F7-4668-BE54-9A1E7A4F7556}") = "API", "API\API.csproj", "{138C5FAF-83B4-4FB2-B355-FE6DACC96AED}"
EndProject
Project("{FAE04EC0-301F-11D3-BF4B-00C04F79EFBC}") = "Models", "Models\Models.csproj", "{62145D6A-29B3-4AB8-AD8E-DA3E7EA49B72}"
EndProject
Project("{FAE04EC0-301F-11D3-BF4B-00C04F79EFBC}") = "DAL", "DAL\DAL.csproj", "{F670FBAA-E904-403D-9499-E2BA226BDD1D}"
EndProject
Project("{FAE04EC0-301F-11D3-BF4B-00C04F79EFBC}") = "DTO", "DTO\DTO.csproj", "{4685F043-4A5D-463D-81DE-388823B2EBAD}"
EndProject
Global
	GlobalSection(SolutionConfigurationPlatforms) = preSolution
		Debug|Any CPU = Debug|Any CPU
		Release|Any CPU = Release|Any CPU
	EndGlobalSection
	GlobalSection(ProjectConfigurationPlatforms) = postSolution
		{138C5FAF-83B4-4FB2-B355-FE6DACC96AED}.Debug|Any CPU.ActiveCfg = Debug|Any CPU
		{138C5FAF-83B4-4FB2-B355-FE6DACC96AED}.Debug|Any CPU.Build.0 = Debug|Any CPU
		{138C5FAF-83B4-4FB2-B355-FE6DACC96AED}.Release|Any CPU.ActiveCfg = Release|Any CPU
		{138C5FAF-83B4-4FB2-B355-FE6DACC96AED}.Release|Any CPU.Build.0 = Release|Any CPU
		{62145D6A-29B3-4AB8-AD8E-DA3E7EA49B72}.Debug|Any CPU.ActiveCfg = Debug|Any CPU
		{62145D6A-29B3-4AB8-AD8E-DA3E7EA49B72}.Debug|Any CPU.Build.0 = Debug|Any CPU
		{62145D6A-29B3-4AB8-AD8E-DA3E7EA49B72}.Release|Any CPU.ActiveCfg = Release|Any CPU
		{62145D6A-29B3-4AB8-AD8E-DA3E7EA49B72}.Release|Any CPU.Build.0 = Release|Any CPU
		{F670FBAA-E904-403D-9499-E2BA226BDD1D}.Debug|Any CPU.ActiveCfg = Debug|Any CPU
		{F670FBAA-E904-403D-9499-E2BA226BDD1D}.Debug|Any CPU.Build.0 = Debug|Any CPU
		{F670FBAA-E904-403D-9499-E2BA226BDD1D}.Release|Any CPU.ActiveCfg = Release|Any CPU
		{F670FBAA-E904-403D-9499-E2BA226BDD1D}.Release|Any CPU.Build.0 = Release|Any CPU
		{4685F043-4A5D-463D-81DE-388823B2EBAD}.Debug|Any CPU.ActiveCfg = Debug|Any CPU
		{4685F043-4A5D-463D-81DE-388823B2EBAD}.Debug|Any CPU.Build.0 = Debug|Any CPU
		{4685F043-4A5D-463D-81DE-388823B2EBAD}.Release|Any CPU.ActiveCfg = Release|Any CPU
		{4685F043-4A5D-463D-81DE-388823B2EBAD}.Release|Any CPU.Build.0 = Release|Any CPU
	EndGlobalSection
	GlobalSection(SolutionProperties) = preSolution
		HideSolutionNode = FALSE
	EndGlobalSection
	GlobalSection(ExtensibilityGlobals) = postSolution
		SolutionGuid = {AE6A8820-F154-4142-B9F4-6042BCF5AEAA}
	EndGlobalSection
EndGlobal
